%{"bbmustache": {:hex, :bbmustache, "1.0.1"},
  "benchfella": {:hex, :benchfella, "0.3.1"},
  "bencodex": {:hex, :bencodex, "1.0.0"},
  "certifi": {:hex, :certifi, "0.3.0"},
  "conform": {:hex, :conform, "0.16.0"},
  "cowboy": {:hex, :cowboy, "1.0.4"},
  "cowlib": {:hex, :cowlib, "1.0.2"},
  "eflame": {:git, "https://github.com/slfritchie/eflame.git", "55f594153d03f41d8dbd6b6da7c784f93fa81345", []},
  "eflame2": {:git, "https://github.com/slfritchie/eflame.git", "a08518142126f5fc541a3a3c4a04c27f24448bae", []},
  "erlware_commons": {:hex, :erlware_commons, "0.13.0"},
  "exprintf": {:hex, :exprintf, "0.1.6"},
  "exprof": {:hex, :exprof, "0.2.0"},
  "exrm": {:hex, :exrm, "0.18.8"},
  "getopt": {:hex, :getopt, "0.8.2"},
  "gproc": {:hex, :gproc, "0.5.0"},
  "hackney": {:hex, :hackney, "1.4.8"},
  "httpoison": {:hex, :httpoison, "0.8.0"},
  "idna": {:hex, :idna, "1.0.3"},
  "inch_ex": {:hex, :inch_ex, "0.4.0"},
  "mimerl": {:hex, :mimerl, "1.0.2"},
  "neotoma": {:hex, :neotoma, "1.7.3"},
  "plug": {:hex, :plug, "1.0.3"},
  "poison": {:hex, :poison, "1.5.0"},
  "providers": {:hex, :providers, "1.4.1"},
  "ranch": {:hex, :ranch, "1.2.0"},
  "relx": {:hex, :relx, "3.1.0"},
  "ssl_verify_hostname": {:hex, :ssl_verify_hostname, "1.0.5"}}
